
Microsoft Visual Studio Solution File, Format Version 12.00
# Visual Studio 14
VisualStudioVersion = 14.0.25123.0
MinimumVisualStudioVersion = 10.0.40219.1
Project("{FAE04EC0-301F-11D3-BF4B-00C04F79EFBC}") = "CopyDb", "src\CopyDb\CopyDb.csproj", "{7E57E824-84C1-46F9-B420-7292762AC5C4}"
EndProject
Project("{FAE04EC0-301F-11D3-BF4B-00C04F79EFBC}") = "CopyDb.Core", "src\CopyDb.Core\CopyDb.Core.csproj", "{7156B151-8D76-4C5D-A736-0A8EE0D1B10F}"
EndProject
Project("{FAE04EC0-301F-11D3-BF4B-00C04F79EFBC}") = "CopyDb.Desktop", "src\CopyDb.Desktop\CopyDb.Desktop.csproj", "{42CDE276-8641-42D0-8F03-569B61573777}"
EndProject
Global
	GlobalSection(SolutionConfigurationPlatforms) = preSolution
		Debug|Any CPU = Debug|Any CPU
		Release|Any CPU = Release|Any CPU
	EndGlobalSection
	GlobalSection(ProjectConfigurationPlatforms) = postSolution
		{7E57E824-84C1-46F9-B420-7292762AC5C4}.Debug|Any CPU.ActiveCfg = Debug|Any CPU
		{7E57E824-84C1-46F9-B420-7292762AC5C4}.Debug|Any CPU.Build.0 = Debug|Any CPU
		{7E57E824-84C1-46F9-B420-7292762AC5C4}.Release|Any CPU.ActiveCfg = Release|Any CPU
		{7E57E824-84C1-46F9-B420-7292762AC5C4}.Release|Any CPU.Build.0 = Release|Any CPU
		{7156B151-8D76-4C5D-A736-0A8EE0D1B10F}.Debug|Any CPU.ActiveCfg = Debug|Any CPU
		{7156B151-8D76-4C5D-A736-0A8EE0D1B10F}.Debug|Any CPU.Build.0 = Debug|Any CPU
		{7156B151-8D76-4C5D-A736-0A8EE0D1B10F}.Release|Any CPU.ActiveCfg = Release|Any CPU
		{7156B151-8D76-4C5D-A736-0A8EE0D1B10F}.Release|Any CPU.Build.0 = Release|Any CPU
		{42CDE276-8641-42D0-8F03-569B61573777}.Debug|Any CPU.ActiveCfg = Debug|Any CPU
		{42CDE276-8641-42D0-8F03-569B61573777}.Debug|Any CPU.Build.0 = Debug|Any CPU
		{42CDE276-8641-42D0-8F03-569B61573777}.Release|Any CPU.ActiveCfg = Release|Any CPU
		{42CDE276-8641-42D0-8F03-569B61573777}.Release|Any CPU.Build.0 = Release|Any CPU
	EndGlobalSection
	GlobalSection(SolutionProperties) = preSolution
		HideSolutionNode = FALSE
	EndGlobalSection
EndGlobal
